
Microsoft Visual Studio Solution File, Format Version 12.00
# Visual Studio 14
VisualStudioVersion = 14.0.25420.1
MinimumVisualStudioVersion = 10.0.40219.1
Project("{FAE04EC0-301F-11D3-BF4B-00C04F79EFBC}") = "DotNetExtensions", "DotNetExtensions\DotNetExtensions.csproj", "{7AEFBB73-9447-47D8-9A23-07F613EF49EB}"
EndProject
Project("{FAE04EC0-301F-11D3-BF4B-00C04F79EFBC}") = "DotNetExtensions.Tests", "DotNetExtensions.Tests\DotNetExtensions.Tests.csproj", "{D59494C4-70DA-4A38-BA05-5AD11585D710}"
EndProject
Global
	GlobalSection(SolutionConfigurationPlatforms) = preSolution
		Debug|Any CPU = Debug|Any CPU
		Release|Any CPU = Release|Any CPU
	EndGlobalSection
	GlobalSection(ProjectConfigurationPlatforms) = postSolution
		{7AEFBB73-9447-47D8-9A23-07F613EF49EB}.Debug|Any CPU.ActiveCfg = Debug|Any CPU
		{7AEFBB73-9447-47D8-9A23-07F613EF49EB}.Debug|Any CPU.Build.0 = Debug|Any CPU
		{7AEFBB73-9447-47D8-9A23-07F613EF49EB}.Release|Any CPU.ActiveCfg = Release|Any CPU
		{7AEFBB73-9447-47D8-9A23-07F613EF49EB}.Release|Any CPU.Build.0 = Release|Any CPU
		{D59494C4-70DA-4A38-BA05-5AD11585D710}.Debug|Any CPU.ActiveCfg = Debug|Any CPU
		{D59494C4-70DA-4A38-BA05-5AD11585D710}.Debug|Any CPU.Build.0 = Debug|Any CPU
		{D59494C4-70DA-4A38-BA05-5AD11585D710}.Release|Any CPU.ActiveCfg = Release|Any CPU
		{D59494C4-70DA-4A38-BA05-5AD11585D710}.Release|Any CPU.Build.0 = Release|Any CPU
	EndGlobalSection
	GlobalSection(SolutionProperties) = preSolution
		HideSolutionNode = FALSE
	EndGlobalSection
EndGlobal
